
Microsoft Visual Studio Solution File, Format Version 12.00
# Visual Studio Version 16
VisualStudioVersion = 16.0.30804.86
MinimumVisualStudioVersion = 10.0.40219.1
Project("{FAE04EC0-301F-11D3-BF4B-00C04F79EFBC}") = "bus_nhanvien", "bus_nhanvien\bus_nhanvien.csproj", "{1A86FBCA-4702-48B0-AC0F-AE88CDD9CB4E}"
EndProject
Global
	GlobalSection(SolutionConfigurationPlatforms) = preSolution
		Debug|Any CPU = Debug|Any CPU
		Release|Any CPU = Release|Any CPU
	EndGlobalSection
	GlobalSection(ProjectConfigurationPlatforms) = postSolution
		{1A86FBCA-4702-48B0-AC0F-AE88CDD9CB4E}.Debug|Any CPU.ActiveCfg = Debug|Any CPU
		{1A86FBCA-4702-48B0-AC0F-AE88CDD9CB4E}.Debug|Any CPU.Build.0 = Debug|Any CPU
		{1A86FBCA-4702-48B0-AC0F-AE88CDD9CB4E}.Release|Any CPU.ActiveCfg = Release|Any CPU
		{1A86FBCA-4702-48B0-AC0F-AE88CDD9CB4E}.Release|Any CPU.Build.0 = Release|Any CPU
	EndGlobalSection
	GlobalSection(SolutionProperties) = preSolution
		HideSolutionNode = FALSE
	EndGlobalSection
	GlobalSection(ExtensibilityGlobals) = postSolution
		SolutionGuid = {5951FEE2-A132-4F3C-B901-16497AC82994}
	EndGlobalSection
EndGlobal
